
Microsoft Visual Studio Solution File, Format Version 12.00
# Visual Studio 15
VisualStudioVersion = 15.0.28010.0
MinimumVisualStudioVersion = 10.0.40219.1
Project("{FAE04EC0-301F-11D3-BF4B-00C04F79EFBC}") = "cl", "cl\cl.csproj", "{C2BEEB3E-A643-4543-99D2-0A5ED4082A54}"
EndProject
Project("{FAE04EC0-301F-11D3-BF4B-00C04F79EFBC}") = "gen", "gen\gen.csproj", "{8518F260-7392-4DBB-9DE1-ED96313FB201}"
EndProject
Project("{FAE04EC0-301F-11D3-BF4B-00C04F79EFBC}") = "leec", "leec\leec.csproj", "{B4B5016A-1882-49F3-837A-A324C6076859}"
EndProject
Global
	GlobalSection(SolutionConfigurationPlatforms) = preSolution
		Debug|Any CPU = Debug|Any CPU
		Release|Any CPU = Release|Any CPU
	EndGlobalSection
	GlobalSection(ProjectConfigurationPlatforms) = postSolution
		{C2BEEB3E-A643-4543-99D2-0A5ED4082A54}.Debug|Any CPU.ActiveCfg = Debug|Any CPU
		{C2BEEB3E-A643-4543-99D2-0A5ED4082A54}.Debug|Any CPU.Build.0 = Debug|Any CPU
		{C2BEEB3E-A643-4543-99D2-0A5ED4082A54}.Release|Any CPU.ActiveCfg = Release|Any CPU
		{C2BEEB3E-A643-4543-99D2-0A5ED4082A54}.Release|Any CPU.Build.0 = Release|Any CPU
		{8518F260-7392-4DBB-9DE1-ED96313FB201}.Debug|Any CPU.ActiveCfg = Debug|Any CPU
		{8518F260-7392-4DBB-9DE1-ED96313FB201}.Debug|Any CPU.Build.0 = Debug|Any CPU
		{8518F260-7392-4DBB-9DE1-ED96313FB201}.Release|Any CPU.ActiveCfg = Release|Any CPU
		{8518F260-7392-4DBB-9DE1-ED96313FB201}.Release|Any CPU.Build.0 = Release|Any CPU
		{B4B5016A-1882-49F3-837A-A324C6076859}.Debug|Any CPU.ActiveCfg = Debug|Any CPU
		{B4B5016A-1882-49F3-837A-A324C6076859}.Debug|Any CPU.Build.0 = Debug|Any CPU
		{B4B5016A-1882-49F3-837A-A324C6076859}.Release|Any CPU.ActiveCfg = Release|Any CPU
		{B4B5016A-1882-49F3-837A-A324C6076859}.Release|Any CPU.Build.0 = Release|Any CPU
	EndGlobalSection
	GlobalSection(SolutionProperties) = preSolution
		HideSolutionNode = FALSE
	EndGlobalSection
	GlobalSection(ExtensibilityGlobals) = postSolution
		SolutionGuid = {B0E19515-5E41-4F26-B88D-C41ED77A9671}
	EndGlobalSection
EndGlobal
